
Microsoft Visual Studio Solution File, Format Version 12.00
# Visual Studio 15
VisualStudioVersion = 15.0.28307.329
MinimumVisualStudioVersion = 10.0.40219.1
Project("{FAE04EC0-301F-11D3-BF4B-00C04F79EFBC}") = "mvcPHONE", "mvcPHONE\mvcPHONE.csproj", "{26F34501-B436-4244-84BD-8CD9030037BB}"
EndProject
Project("{FAE04EC0-301F-11D3-BF4B-00C04F79EFBC}") = "apiPhone", "apiPhone\apiPhone.csproj", "{1442A172-7035-443D-A536-3ED6DC569FF7}"
EndProject
Project("{FAE04EC0-301F-11D3-BF4B-00C04F79EFBC}") = "appPhone.Android", "appPhone\appPhone.Android\appPhone.Android.csproj", "{E4012198-2B1E-4FCF-A64E-9D1192DB896C}"
EndProject
Project("{FAE04EC0-301F-11D3-BF4B-00C04F79EFBC}") = "appPhone.iOS", "appPhone\appPhone.iOS\appPhone.iOS.csproj", "{178A2560-020C-4B34-8A2C-051CD2DFE790}"
EndProject
Project("{FAE04EC0-301F-11D3-BF4B-00C04F79EFBC}") = "appPhone", "appPhone\appPhone\appPhone.csproj", "{86EAF8B7-3810-41C3-AF65-B1FAF8BB0D71}"
EndProject
Global
	GlobalSection(SolutionConfigurationPlatforms) = preSolution
		Ad-Hoc|Any CPU = Ad-Hoc|Any CPU
		Ad-Hoc|iPhone = Ad-Hoc|iPhone
		Ad-Hoc|iPhoneSimulator = Ad-Hoc|iPhoneSimulator
		AppStore|Any CPU = AppStore|Any CPU
		AppStore|iPhone = AppStore|iPhone
		AppStore|iPhoneSimulator = AppStore|iPhoneSimulator
		Debug|Any CPU = Debug|Any CPU
		Debug|iPhone = Debug|iPhone
		Debug|iPhoneSimulator = Debug|iPhoneSimulator
		Release|Any CPU = Release|Any CPU
		Release|iPhone = Release|iPhone
		Release|iPhoneSimulator = Release|iPhoneSimulator
	EndGlobalSection
	GlobalSection(ProjectConfigurationPlatforms) = postSolution
		{26F34501-B436-4244-84BD-8CD9030037BB}.Ad-Hoc|Any CPU.ActiveCfg = Release|Any CPU
		{26F34501-B436-4244-84BD-8CD9030037BB}.Ad-Hoc|Any CPU.Build.0 = Release|Any CPU
		{26F34501-B436-4244-84BD-8CD9030037BB}.Ad-Hoc|iPhone.ActiveCfg = Release|Any CPU
		{26F34501-B436-4244-84BD-8CD9030037BB}.Ad-Hoc|iPhone.Build.0 = Release|Any CPU
		{26F34501-B436-4244-84BD-8CD9030037BB}.Ad-Hoc|iPhoneSimulator.ActiveCfg = Release|Any CPU
		{26F34501-B436-4244-84BD-8CD9030037BB}.Ad-Hoc|iPhoneSimulator.Build.0 = Release|Any CPU
		{26F34501-B436-4244-84BD-8CD9030037BB}.AppStore|Any CPU.ActiveCfg = Release|Any CPU
		{26F34501-B436-4244-84BD-8CD9030037BB}.AppStore|Any CPU.Build.0 = Release|Any CPU
		{26F34501-B436-4244-84BD-8CD9030037BB}.AppStore|iPhone.ActiveCfg = Release|Any CPU
		{26F34501-B436-4244-84BD-8CD9030037BB}.AppStore|iPhone.Build.0 = Release|Any CPU
		{26F34501-B436-4244-84BD-8CD9030037BB}.AppStore|iPhoneSimulator.ActiveCfg = Release|Any CPU
		{26F34501-B436-4244-84BD-8CD9030037BB}.AppStore|iPhoneSimulator.Build.0 = Release|Any CPU
		{26F34501-B436-4244-84BD-8CD9030037BB}.Debug|Any CPU.ActiveCfg = Debug|Any CPU
		{26F34501-B436-4244-84BD-8CD9030037BB}.Debug|Any CPU.Build.0 = Debug|Any CPU
		{26F34501-B436-4244-84BD-8CD9030037BB}.Debug|iPhone.ActiveCfg = Debug|Any CPU
		{26F34501-B436-4244-84BD-8CD9030037BB}.Debug|iPhone.Build.0 = Debug|Any CPU
		{26F34501-B436-4244-84BD-8CD9030037BB}.Debug|iPhoneSimulator.ActiveCfg = Debug|Any CPU
		{26F34501-B436-4244-84BD-8CD9030037BB}.Debug|iPhoneSimulator.Build.0 = Debug|Any CPU
		{26F34501-B436-4244-84BD-8CD9030037BB}.Release|Any CPU.ActiveCfg = Release|Any CPU
		{26F34501-B436-4244-84BD-8CD9030037BB}.Release|Any CPU.Build.0 = Release|Any CPU
		{26F34501-B436-4244-84BD-8CD9030037BB}.Release|iPhone.ActiveCfg = Release|Any CPU
		{26F34501-B436-4244-84BD-8CD9030037BB}.Release|iPhone.Build.0 = Release|Any CPU
		{26F34501-B436-4244-84BD-8CD9030037BB}.Release|iPhoneSimulator.ActiveCfg = Release|Any CPU
		{26F34501-B436-4244-84BD-8CD9030037BB}.Release|iPhoneSimulator.Build.0 = Release|Any CPU
		{1442A172-7035-443D-A536-3ED6DC569FF7}.Ad-Hoc|Any CPU.ActiveCfg = Release|Any CPU
		{1442A172-7035-443D-A536-3ED6DC569FF7}.Ad-Hoc|Any CPU.Build.0 = Release|Any CPU
		{1442A172-7035-443D-A536-3ED6DC569FF7}.Ad-Hoc|iPhone.ActiveCfg = Release|Any CPU
		{1442A172-7035-443D-A536-3ED6DC569FF7}.Ad-Hoc|iPhone.Build.0 = Release|Any CPU
		{1442A172-7035-443D-A536-3ED6DC569FF7}.Ad-Hoc|iPhoneSimulator.ActiveCfg = Release|Any CPU
		{1442A172-7035-443D-A536-3ED6DC569FF7}.Ad-Hoc|iPhoneSimulator.Build.0 = Release|Any CPU
		{1442A172-7035-443D-A536-3ED6DC569FF7}.AppStore|Any CPU.ActiveCfg = Release|Any CPU
		{1442A172-7035-443D-A536-3ED6DC569FF7}.AppStore|Any CPU.Build.0 = Release|Any CPU
		{1442A172-7035-443D-A536-3ED6DC569FF7}.AppStore|iPhone.ActiveCfg = Release|Any CPU
		{1442A172-7035-443D-A536-3ED6DC569FF7}.AppStore|iPhone.Build.0 = Release|Any CPU
		{1442A172-7035-443D-A536-3ED6DC569FF7}.AppStore|iPhoneSimulator.ActiveCfg = Release|Any CPU
		{1442A172-7035-443D-A536-3ED6DC569FF7}.AppStore|iPhoneSimulator.Build.0 = Release|Any CPU
		{1442A172-7035-443D-A536-3ED6DC569FF7}.Debug|Any CPU.ActiveCfg = Debug|Any CPU
		{1442A172-7035-443D-A536-3ED6DC569FF7}.Debug|Any CPU.Build.0 = Debug|Any CPU
		{1442A172-7035-443D-A536-3ED6DC569FF7}.Debug|iPhone.ActiveCfg = Debug|Any CPU
		{1442A172-7035-443D-A536-3ED6DC569FF7}.Debug|iPhone.Build.0 = Debug|Any CPU
		{1442A172-7035-443D-A536-3ED6DC569FF7}.Debug|iPhoneSimulator.ActiveCfg = Debug|Any CPU
		{1442A172-7035-443D-A536-3ED6DC569FF7}.Debug|iPhoneSimulator.Build.0 = Debug|Any CPU
		{1442A172-7035-443D-A536-3ED6DC569FF7}.Release|Any CPU.ActiveCfg = Release|Any CPU
		{1442A172-7035-443D-A536-3ED6DC569FF7}.Release|Any CPU.Build.0 = Release|Any CPU
		{1442A172-7035-443D-A536-3ED6DC569FF7}.Release|iPhone.ActiveCfg = Release|Any CPU
		{1442A172-7035-443D-A536-3ED6DC569FF7}.Release|iPhone.Build.0 = Release|Any CPU
		{1442A172-7035-443D-A536-3ED6DC569FF7}.Release|iPhoneSimulator.ActiveCfg = Release|Any CPU
		{1442A172-7035-443D-A536-3ED6DC569FF7}.Release|iPhoneSimulator.Build.0 = Release|Any CPU
		{E4012198-2B1E-4FCF-A64E-9D1192DB896C}.Ad-Hoc|Any CPU.ActiveCfg = Release|Any CPU
		{E4012198-2B1E-4FCF-A64E-9D1192DB896C}.Ad-Hoc|Any CPU.Build.0 = Release|Any CPU
		{E4012198-2B1E-4FCF-A64E-9D1192DB896C}.Ad-Hoc|Any CPU.Deploy.0 = Release|Any CPU
		{E4012198-2B1E-4FCF-A64E-9D1192DB896C}.Ad-Hoc|iPhone.ActiveCfg = Release|Any CPU
		{E4012198-2B1E-4FCF-A64E-9D1192DB896C}.Ad-Hoc|iPhone.Build.0 = Release|Any CPU
		{E4012198-2B1E-4FCF-A64E-9D1192DB896C}.Ad-Hoc|iPhone.Deploy.0 = Release|Any CPU
		{E4012198-2B1E-4FCF-A64E-9D1192DB896C}.Ad-Hoc|iPhoneSimulator.ActiveCfg = Release|Any CPU
		{E4012198-2B1E-4FCF-A64E-9D1192DB896C}.Ad-Hoc|iPhoneSimulator.Build.0 = Release|Any CPU
		{E4012198-2B1E-4FCF-A64E-9D1192DB896C}.Ad-Hoc|iPhoneSimulator.Deploy.0 = Release|Any CPU
		{E4012198-2B1E-4FCF-A64E-9D1192DB896C}.AppStore|Any CPU.ActiveCfg = Release|Any CPU
		{E4012198-2B1E-4FCF-A64E-9D1192DB896C}.AppStore|Any CPU.Build.0 = Release|Any CPU
		{E4012198-2B1E-4FCF-A64E-9D1192DB896C}.AppStore|Any CPU.Deploy.0 = Release|Any CPU
		{E4012198-2B1E-4FCF-A64E-9D1192DB896C}.AppStore|iPhone.ActiveCfg = Release|Any CPU
		{E4012198-2B1E-4FCF-A64E-9D1192DB896C}.AppStore|iPhone.Build.0 = Release|Any CPU
		{E4012198-2B1E-4FCF-A64E-9D1192DB896C}.AppStore|iPhone.Deploy.0 = Release|Any CPU
		{E4012198-2B1E-4FCF-A64E-9D1192DB896C}.AppStore|iPhoneSimulator.ActiveCfg = Release|Any CPU
		{E4012198-2B1E-4FCF-A64E-9D1192DB896C}.AppStore|iPhoneSimulator.Build.0 = Release|Any CPU
		{E4012198-2B1E-4FCF-A64E-9D1192DB896C}.AppStore|iPhoneSimulator.Deploy.0 = Release|Any CPU
		{E4012198-2B1E-4FCF-A64E-9D1192DB896C}.Debug|Any CPU.ActiveCfg = Debug|Any CPU
		{E4012198-2B1E-4FCF-A64E-9D1192DB896C}.Debug|Any CPU.Build.0 = Debug|Any CPU
		{E4012198-2B1E-4FCF-A64E-9D1192DB896C}.Debug|Any CPU.Deploy.0 = Debug|Any CPU
		{E4012198-2B1E-4FCF-A64E-9D1192DB896C}.Debug|iPhone.ActiveCfg = Debug|Any CPU
		{E4012198-2B1E-4FCF-A64E-9D1192DB896C}.Debug|iPhone.Build.0 = Debug|Any CPU
		{E4012198-2B1E-4FCF-A64E-9D1192DB896C}.Debug|iPhone.Deploy.0 = Debug|Any CPU
		{E4012198-2B1E-4FCF-A64E-9D1192DB896C}.Debug|iPhoneSimulator.ActiveCfg = Debug|Any CPU
		{E4012198-2B1E-4FCF-A64E-9D1192DB896C}.Debug|iPhoneSimulator.Build.0 = Debug|Any CPU
		{E4012198-2B1E-4FCF-A64E-9D1192DB896C}.Debug|iPhoneSimulator.Deploy.0 = Debug|Any CPU
		{E4012198-2B1E-4FCF-A64E-9D1192DB896C}.Release|Any CPU.ActiveCfg = Release|Any CPU
		{E4012198-2B1E-4FCF-A64E-9D1192DB896C}.Release|Any CPU.Build.0 = Release|Any CPU
		{E4012198-2B1E-4FCF-A64E-9D1192DB896C}.Release|Any CPU.Deploy.0 = Release|Any CPU
		{E4012198-2B1E-4FCF-A64E-9D1192DB896C}.Release|iPhone.ActiveCfg = Release|Any CPU
		{E4012198-2B1E-4FCF-A64E-9D1192DB896C}.Release|iPhone.Build.0 = Release|Any CPU
		{E4012198-2B1E-4FCF-A64E-9D1192DB896C}.Release|iPhone.Deploy.0 = Release|Any CPU
		{E4012198-2B1E-4FCF-A64E-9D1192DB896C}.Release|iPhoneSimulator.ActiveCfg = Release|Any CPU
		{E4012198-2B1E-4FCF-A64E-9D1192DB896C}.Release|iPhoneSimulator.Build.0 = Release|Any CPU
		{E4012198-2B1E-4FCF-A64E-9D1192DB896C}.Release|iPhoneSimulator.Deploy.0 = Release|Any CPU
		{178A2560-020C-4B34-8A2C-051CD2DFE790}.Ad-Hoc|Any CPU.ActiveCfg = Ad-Hoc|iPhone
		{178A2560-020C-4B34-8A2C-051CD2DFE790}.Ad-Hoc|iPhone.ActiveCfg = Ad-Hoc|iPhone
		{178A2560-020C-4B34-8A2C-051CD2DFE790}.Ad-Hoc|iPhone.Build.0 = Ad-Hoc|iPhone
		{178A2560-020C-4B34-8A2C-051CD2DFE790}.Ad-Hoc|iPhoneSimulator.ActiveCfg = Ad-Hoc|iPhoneSimulator
		{178A2560-020C-4B34-8A2C-051CD2DFE790}.Ad-Hoc|iPhoneSimulator.Build.0 = Ad-Hoc|iPhoneSimulator
		{178A2560-020C-4B34-8A2C-051CD2DFE790}.AppStore|Any CPU.ActiveCfg = AppStore|iPhone
		{178A2560-020C-4B34-8A2C-051CD2DFE790}.AppStore|iPhone.ActiveCfg = AppStore|iPhone
		{178A2560-020C-4B34-8A2C-051CD2DFE790}.AppStore|iPhone.Build.0 = AppStore|iPhone
		{178A2560-020C-4B34-8A2C-051CD2DFE790}.AppStore|iPhoneSimulator.ActiveCfg = AppStore|iPhoneSimulator
		{178A2560-020C-4B34-8A2C-051CD2DFE790}.AppStore|iPhoneSimulator.Build.0 = AppStore|iPhoneSimulator
		{178A2560-020C-4B34-8A2C-051CD2DFE790}.Debug|Any CPU.ActiveCfg = Debug|iPhone
		{178A2560-020C-4B34-8A2C-051CD2DFE790}.Debug|iPhone.ActiveCfg = Debug|iPhone
		{178A2560-020C-4B34-8A2C-051CD2DFE790}.Debug|iPhone.Build.0 = Debug|iPhone
		{178A2560-020C-4B34-8A2C-051CD2DFE790}.Debug|iPhoneSimulator.ActiveCfg = Debug|iPhoneSimulator
		{178A2560-020C-4B34-8A2C-051CD2DFE790}.Debug|iPhoneSimulator.Build.0 = Debug|iPhoneSimulator
		{178A2560-020C-4B34-8A2C-051CD2DFE790}.Release|Any CPU.ActiveCfg = Release|iPhone
		{178A2560-020C-4B34-8A2C-051CD2DFE790}.Release|iPhone.ActiveCfg = Release|iPhone
		{178A2560-020C-4B34-8A2C-051CD2DFE790}.Release|iPhone.Build.0 = Release|iPhone
		{178A2560-020C-4B34-8A2C-051CD2DFE790}.Release|iPhoneSimulator.ActiveCfg = Release|iPhoneSimulator
		{178A2560-020C-4B34-8A2C-051CD2DFE790}.Release|iPhoneSimulator.Build.0 = Release|iPhoneSimulator
		{86EAF8B7-3810-41C3-AF65-B1FAF8BB0D71}.Ad-Hoc|Any CPU.ActiveCfg = Debug|Any CPU
		{86EAF8B7-3810-41C3-AF65-B1FAF8BB0D71}.Ad-Hoc|Any CPU.Build.0 = Debug|Any CPU
		{86EAF8B7-3810-41C3-AF65-B1FAF8BB0D71}.Ad-Hoc|iPhone.ActiveCfg = Debug|Any CPU
		{86EAF8B7-3810-41C3-AF65-B1FAF8BB0D71}.Ad-Hoc|iPhone.Build.0 = Debug|Any CPU
		{86EAF8B7-3810-41C3-AF65-B1FAF8BB0D71}.Ad-Hoc|iPhoneSimulator.ActiveCfg = Debug|Any CPU
		{86EAF8B7-3810-41C3-AF65-B1FAF8BB0D71}.Ad-Hoc|iPhoneSimulator.Build.0 = Debug|Any CPU
		{86EAF8B7-3810-41C3-AF65-B1FAF8BB0D71}.AppStore|Any CPU.ActiveCfg = Debug|Any CPU
		{86EAF8B7-3810-41C3-AF65-B1FAF8BB0D71}.AppStore|Any CPU.Build.0 = Debug|Any CPU
		{86EAF8B7-3810-41C3-AF65-B1FAF8BB0D71}.AppStore|iPhone.ActiveCfg = Debug|Any CPU
		{86EAF8B7-3810-41C3-AF65-B1FAF8BB0D71}.AppStore|iPhone.Build.0 = Debug|Any CPU
		{86EAF8B7-3810-41C3-AF65-B1FAF8BB0D71}.AppStore|iPhoneSimulator.ActiveCfg = Debug|Any CPU
		{86EAF8B7-3810-41C3-AF65-B1FAF8BB0D71}.AppStore|iPhoneSimulator.Build.0 = Debug|Any CPU
		{86EAF8B7-3810-41C3-AF65-B1FAF8BB0D71}.Debug|Any CPU.ActiveCfg = Debug|Any CPU
		{86EAF8B7-3810-41C3-AF65-B1FAF8BB0D71}.Debug|Any CPU.Build.0 = Debug|Any CPU
		{86EAF8B7-3810-41C3-AF65-B1FAF8BB0D71}.Debug|iPhone.ActiveCfg = Debug|Any CPU
		{86EAF8B7-3810-41C3-AF65-B1FAF8BB0D71}.Debug|iPhone.Build.0 = Debug|Any CPU
		{86EAF8B7-3810-41C3-AF65-B1FAF8BB0D71}.Debug|iPhoneSimulator.ActiveCfg = Debug|Any CPU
		{86EAF8B7-3810-41C3-AF65-B1FAF8BB0D71}.Debug|iPhoneSimulator.Build.0 = Debug|Any CPU
		{86EAF8B7-3810-41C3-AF65-B1FAF8BB0D71}.Release|Any CPU.ActiveCfg = Release|Any CPU
		{86EAF8B7-3810-41C3-AF65-B1FAF8BB0D71}.Release|Any CPU.Build.0 = Release|Any CPU
		{86EAF8B7-3810-41C3-AF65-B1FAF8BB0D71}.Release|iPhone.ActiveCfg = Release|Any CPU
		{86EAF8B7-3810-41C3-AF65-B1FAF8BB0D71}.Release|iPhone.Build.0 = Release|Any CPU
		{86EAF8B7-3810-41C3-AF65-B1FAF8BB0D71}.Release|iPhoneSimulator.ActiveCfg = Release|Any CPU
		{86EAF8B7-3810-41C3-AF65-B1FAF8BB0D71}.Release|iPhoneSimulator.Build.0 = Release|Any CPU
	EndGlobalSection
	GlobalSection(SolutionProperties) = preSolution
		HideSolutionNode = FALSE
	EndGlobalSection
	GlobalSection(ExtensibilityGlobals) = postSolution
		SolutionGuid = {41EB4AC9-B995-4308-9F52-1451A3A85DAA}
	EndGlobalSection
EndGlobal
